
Microsoft Visual Studio Solution File, Format Version 12.00
# Visual Studio Version 17
VisualStudioVersion = 17.13.35828.75
MinimumVisualStudioVersion = 10.0.40219.1
Project("{FAE04EC0-301F-11D3-BF4B-00C04F79EFBC}") = "MerkleCalculator", "MerkleCalculator\MerkleCalculator.csproj", "{9EAB2ADF-9195-4906-9F4F-793933FEE22E}"
EndProject
Project("{FAE04EC0-301F-11D3-BF4B-00C04F79EFBC}") = "MerkleCalculatorTest", "MerkleCalculatorTest\MerkleCalculatorTest.csproj", "{223A9322-268F-46C3-9D72-96AD540256CD}"
EndProject
Project("{FAE04EC0-301F-11D3-BF4B-00C04F79EFBC}") = "ProofOfReserveApi", "ProofOfReserveApi\ProofOfReserveApi.csproj", "{69C4ABB5-0873-4C83-BAD9-AF2D058B35C5}"
EndProject
Global
	GlobalSection(SolutionConfigurationPlatforms) = preSolution
		Debug|Any CPU = Debug|Any CPU
		Release|Any CPU = Release|Any CPU
	EndGlobalSection
	GlobalSection(ProjectConfigurationPlatforms) = postSolution
		{9EAB2ADF-9195-4906-9F4F-793933FEE22E}.Debug|Any CPU.ActiveCfg = Debug|Any CPU
		{9EAB2ADF-9195-4906-9F4F-793933FEE22E}.Debug|Any CPU.Build.0 = Debug|Any CPU
		{9EAB2ADF-9195-4906-9F4F-793933FEE22E}.Release|Any CPU.ActiveCfg = Release|Any CPU
		{9EAB2ADF-9195-4906-9F4F-793933FEE22E}.Release|Any CPU.Build.0 = Release|Any CPU
		{223A9322-268F-46C3-9D72-96AD540256CD}.Debug|Any CPU.ActiveCfg = Debug|Any CPU
		{223A9322-268F-46C3-9D72-96AD540256CD}.Debug|Any CPU.Build.0 = Debug|Any CPU
		{223A9322-268F-46C3-9D72-96AD540256CD}.Release|Any CPU.ActiveCfg = Release|Any CPU
		{223A9322-268F-46C3-9D72-96AD540256CD}.Release|Any CPU.Build.0 = Release|Any CPU
		{69C4ABB5-0873-4C83-BAD9-AF2D058B35C5}.Debug|Any CPU.ActiveCfg = Debug|Any CPU
		{69C4ABB5-0873-4C83-BAD9-AF2D058B35C5}.Debug|Any CPU.Build.0 = Debug|Any CPU
		{69C4ABB5-0873-4C83-BAD9-AF2D058B35C5}.Release|Any CPU.ActiveCfg = Release|Any CPU
		{69C4ABB5-0873-4C83-BAD9-AF2D058B35C5}.Release|Any CPU.Build.0 = Release|Any CPU
	EndGlobalSection
	GlobalSection(SolutionProperties) = preSolution
		HideSolutionNode = FALSE
	EndGlobalSection
	GlobalSection(ExtensibilityGlobals) = postSolution
		SolutionGuid = {13A2722D-80C3-40EA-8E99-5D2495C832D3}
	EndGlobalSection
EndGlobal
