
Microsoft Visual Studio Solution File, Format Version 12.00
# Visual Studio Version 17
VisualStudioVersion = 17.13.35828.75 d17.13
MinimumVisualStudioVersion = 10.0.40219.1
Project("{FAE04EC0-301F-11D3-BF4B-00C04F79EFBC}") = "MerkleCalculator", "MerkleCalculator\MerkleCalculator.csproj", "{9EAB2ADF-9195-4906-9F4F-793933FEE22E}"
EndProject
Global
	GlobalSection(SolutionConfigurationPlatforms) = preSolution
		Debug|Any CPU = Debug|Any CPU
		Release|Any CPU = Release|Any CPU
	EndGlobalSection
	GlobalSection(ProjectConfigurationPlatforms) = postSolution
		{9EAB2ADF-9195-4906-9F4F-793933FEE22E}.Debug|Any CPU.ActiveCfg = Debug|Any CPU
		{9EAB2ADF-9195-4906-9F4F-793933FEE22E}.Debug|Any CPU.Build.0 = Debug|Any CPU
		{9EAB2ADF-9195-4906-9F4F-793933FEE22E}.Release|Any CPU.ActiveCfg = Release|Any CPU
		{9EAB2ADF-9195-4906-9F4F-793933FEE22E}.Release|Any CPU.Build.0 = Release|Any CPU
	EndGlobalSection
	GlobalSection(SolutionProperties) = preSolution
		HideSolutionNode = FALSE
	EndGlobalSection
	GlobalSection(ExtensibilityGlobals) = postSolution
		SolutionGuid = {13A2722D-80C3-40EA-8E99-5D2495C832D3}
	EndGlobalSection
EndGlobal
